
Microsoft Visual Studio Solution File, Format Version 12.00
# Visual Studio Version 17
VisualStudioVersion = 17.14.36121.58 d17.14
MinimumVisualStudioVersion = 10.0.40219.1
Project("{FAE04EC0-301F-11D3-BF4B-00C04F79EFBC}") = "HtmlParser", "HtmlParser\HtmlParser.csproj", "{9F6E8220-368F-461D-A209-5E5AF00B0D9D}"
EndProject
Global
	GlobalSection(SolutionConfigurationPlatforms) = preSolution
		Debug|Any CPU = Debug|Any CPU
		Release|Any CPU = Release|Any CPU
	EndGlobalSection
	GlobalSection(ProjectConfigurationPlatforms) = postSolution
		{9F6E8220-368F-461D-A209-5E5AF00B0D9D}.Debug|Any CPU.ActiveCfg = Debug|Any CPU
		{9F6E8220-368F-461D-A209-5E5AF00B0D9D}.Debug|Any CPU.Build.0 = Debug|Any CPU
		{9F6E8220-368F-461D-A209-5E5AF00B0D9D}.Release|Any CPU.ActiveCfg = Release|Any CPU
		{9F6E8220-368F-461D-A209-5E5AF00B0D9D}.Release|Any CPU.Build.0 = Release|Any CPU
	EndGlobalSection
	GlobalSection(SolutionProperties) = preSolution
		HideSolutionNode = FALSE
	EndGlobalSection
	GlobalSection(ExtensibilityGlobals) = postSolution
		SolutionGuid = {EE72D775-491D-4ACE-9EA0-5D77377D9A22}
	EndGlobalSection
EndGlobal
